// !$*UTF8*$!
{
	archiveVersion = 1;
	classes = {
	};
	objectVersion = 46;
	objects = {

/* Begin PBXBuildFile section */
		AD0539FA1CF46ACF00528EFB /* AppDelegate.swift in Sources */ = {isa = PBXBuildFile; fileRef = AD0539F91CF46ACF00528EFB /* AppDelegate.swift */; };
		AD0539FC1CF46ACF00528EFB /* ViewController.swift in Sources */ = {isa = PBXBuildFile; fileRef = AD0539FB1CF46ACF00528EFB /* ViewController.swift */; };
		AD0539FF1CF46ACF00528EFB /* Main.storyboard in Resources */ = {isa = PBXBuildFile; fileRef = AD0539FD1CF46ACF00528EFB /* Main.storyboard */; };
		AD053A011CF46ACF00528EFB /* Assets.xcassets in Resources */ = {isa = PBXBuildFile; fileRef = AD053A001CF46ACF00528EFB /* Assets.xcassets */; };
		AD053A041CF46ACF00528EFB /* LaunchScreen.storyboard in Resources */ = {isa = PBXBuildFile; fileRef = AD053A021CF46ACF00528EFB /* LaunchScreen.storyboard */; };
/* End PBXBuildFile section */

/* Begin PBXFileReference section */
		AD0539F61CF46ACF00528EFB /* Pokedex01.app */ = {isa = PBXFileReference; explicitFileType = wrapper.application; includeInIndex = 0; path = Pokedex01.app; sourceTree = BUILT_PRODUCTS_DIR; };
		AD0539F91CF46ACF00528EFB /* AppDelegate.swift */ = {isa = PBXFileReference; lastKnownFileType = sourcecode.swift; path = AppDelegate.swift; sourceTree = "<group>"; };
		AD0539FB1CF46ACF00528EFB /* ViewController.swift */ = {isa = PBXFileReference; lastKnownFileType = sourcecode.swift; path = ViewController.swift; sourceTree = "<group>"; };
		AD0539FE1CF46ACF00528EFB /* Base */ = {isa = PBXFileReference; lastKnownFileType = file.storyboard; name = Base; path = Base.lproj/Main.storyboard; sourceTree = "<group>"; };
		AD053A001CF46ACF00528EFB /* Assets.xcassets */ = {isa = PBXFileReference; lastKnownFileType = folder.assetcatalog; path = Assets.xcassets; sourceTree = "<group>"; };
		AD053A031CF46ACF00528EFB /* Base */ = {isa = PBXFileReference; lastKnownFileType = file.storyboard; name = Base; path = Base.lproj/LaunchScreen.storyboard; sourceTree = "<group>"; };
		AD053A051CF46ACF00528EFB /* Info.plist */ = {isa = PBXFileReference; lastKnownFileType = text.plist.xml; path = Info.plist; sourceTree = "<group>"; };
/* End PBXFileReference section */

/* Begin PBXFrameworksBuildPhase section */
		AD0539F31CF46ACF00528EFB /* Frameworks */ = {
			isa = PBXFrameworksBuildPhase;
			buildActionMask = 2147483647;
			files = (
			);
			runOnlyForDeploymentPostprocessing = 0;
		};
/* End PBXFrameworksBuildPhase section */

/* Begin PBXGroup section */
		AD0539ED1CF46ACF00528EFB = {
			isa = PBXGroup;
			children = (
				AD0539F81CF46ACF00528EFB /* Pokedex01 */,
				AD0539F71CF46ACF00528EFB /* Products */,
			);
			sourceTree = "<group>";
		};
		AD0539F71CF46ACF00528EFB /* Products */ = {
			isa = PBXGroup;
			children = (
				AD0539F61CF46ACF00528EFB /* Pokedex01.app */,
			);
			name = Products;
			sourceTree = "<group>";
		};
		AD0539F81CF46ACF00528EFB /* Pokedex01 */ = {
			isa = PBXGroup;
			children = (
				AD0539F91CF46ACF00528EFB /* AppDelegate.swift */,
				AD0539FB1CF46ACF00528EFB /* ViewController.swift */,
				AD0539FD1CF46ACF00528EFB /* Main.storyboard */,
				AD053A001CF46ACF00528EFB /* Assets.xcassets */,
				AD053A021CF46ACF00528EFB /* LaunchScreen.storyboard */,
				AD053A051CF46ACF00528EFB /* Info.plist */,
			);
			path = Pokedex01;
			sourceTree = "<group>";
		};
/* End PBXGroup section */

/* Begin PBXNativeTarget section */
		AD0539F51CF46ACF00528EFB /* Pokedex01 */ = {
			isa = PBXNativeTarget;
			buildConfigurationList = AD053A081CF46ACF00528EFB /* Build configuration list for PBXNativeTarget "Pokedex01" */;
			buildPhases = (
				AD0539F21CF46ACF00528EFB /* Sources */,
				AD0539F31CF46ACF00528EFB /* Frameworks */,
				AD0539F41CF46ACF00528EFB /* Resources */,
			);
			buildRules = (
			);
			dependencies = (
			);
			name = Pokedex01;
			productName = Pokedex01;
			productReference = AD0539F61CF46ACF00528EFB /* Pokedex01.app */;
			productType = "com.apple.product-type.application";
		};
/* End PBXNativeTarget section */

/* Begin PBXProject section */
		AD0539EE1CF46ACF00528EFB /* Project object */ = {
			isa = PBXProject;
			attributes = {
				LastSwiftUpdateCheck = 0730;
				LastUpgradeCheck = 0730;
				ORGANIZATIONNAME = "john rogers";
				TargetAttributes = {
					AD0539F51CF46ACF00528EFB = {
						CreatedOnToolsVersion = 7.3;
						DevelopmentTeam = GXFGJVE8E5;
					};
				};
			};
			buildConfigurationList = AD0539F11CF46ACF00528EFB /* Build configuration list for PBXProject "Pokedex01" */;
			compatibilityVersion = "Xcode 3.2";
			developmentRegion = English;
			hasScannedForEncodings = 0;
			knownRegions = (
				en,
				Base,
			);
			mainGroup = AD0539ED1CF46ACF00528EFB;
			productRefGroup = AD0539F71CF46ACF00528EFB /* Products */;
			projectDirPath = "";
			projectRoot = "";
			targets = (
				AD0539F51CF46ACF00528EFB /* Pokedex01 */,
			);
		};
/* End PBXProject section */

/* Begin PBXResourcesBuildPhase section */
		AD0539F41CF46ACF00528EFB /* Resources */ = {
			isa = PBXResourcesBuildPhase;
			buildActionMask = 2147483647;
			files = (
				AD053A041CF46ACF00528EFB /* LaunchScreen.storyboard in Resources */,
				AD053A011CF46ACF00528EFB /* Assets.xcassets in Resources */,
				AD0539FF1CF46ACF00528EFB /* Main.storyboard in Resources */,
			);
			runOnlyForDeploymentPostprocessing = 0;
		};
/* End PBXResourcesBuildPhase section */

/* Begin PBXSourcesBuildPhase section */
		AD0539F21CF46ACF00528EFB /* Sources */ = {
			isa = PBXSourcesBuildPhase;
			buildActionMask = 2147483647;
			files = (
				AD0539FC1CF46ACF00528EFB /* ViewController.swift in Sources */,
				AD0539FA1CF46ACF00528EFB /* AppDelegate.swift in Sources */,
			);
			runOnlyForDeploymentPostprocessing = 0;
		};
/* End PBXSourcesBuildPhase section */

/* Begin PBXVariantGroup section */
		AD0539FD1CF46ACF00528EFB /* Main.storyboard */ = {
			isa = PBXVariantGroup;
			children = (
				AD0539FE1CF46ACF00528EFB /* Base */,
			);
			name = Main.storyboard;
			sourceTree = "<group>";
		};
		AD053A021CF46ACF00528EFB /* LaunchScreen.storyboard */ = {
			isa = PBXVariantGroup;
			children = (
				AD053A031CF46ACF00528EFB /* Base */,
			);
			name = LaunchScreen.storyboard;
			sourceTree = "<group>";
		};
/* End PBXVariantGroup section */

/* Begin XCBuildConfiguration section */
		AD053A061CF46ACF00528EFB /* Debug */ = {
			isa = XCBuildConfiguration;
			buildSettings = {
				ALWAYS_SEARCH_USER_PATHS = NO;
				CLANG_ANALYZER_NONNULL = YES;
				CLANG_CXX_LANGUAGE_STANDARD = "gnu++0x";
				CLANG_CXX_LIBRARY = "libc++";
				CLANG_ENABLE_MODULES = YES;
				CLANG_ENABLE_OBJC_ARC = YES;
				CLANG_WARN_BOOL_CONVERSION = YES;
				CLANG_WARN_CONSTANT_CONVERSION = YES;
				CLANG_WARN_DIRECT_OBJC_ISA_USAGE = YES_ERROR;
				CLANG_WARN_EMPTY_BODY = YES;
				CLANG_WARN_ENUM_CONVERSION = YES;
				CLANG_WARN_INT_CONVERSION = YES;
				CLANG_WARN_OBJC_ROOT_CLASS = YES_ERROR;
				CLANG_WARN_UNREACHABLE_CODE = YES;
				CLANG_WARN__DUPLICATE_METHOD_MATCH = YES;
				"CODE_SIGN_IDENTITY[sdk=iphoneos*]" = "iPhone Developer";
				COPY_PHASE_STRIP = NO;
				DEBUG_INFORMATION_FORMAT = dwarf;
				ENABLE_STRICT_OBJC_MSGSEND = YES;
				ENABLE_TESTABILITY = YES;
				GCC_C_LANGUAGE_STANDARD = gnu99;
				GCC_DYNAMIC_NO_PIC = NO;
				GCC_NO_COMMON_BLOCKS = YES;
				GCC_OPTIMIZATION_LEVEL = 0;
				GCC_PREPROCESSOR_DEFINITIONS = (
					"DEBUG=1",
					"$(inherited)",
				);
				GCC_WARN_64_TO_32_BIT_CONVERSION = YES;
				GCC_WARN_ABOUT_RETURN_TYPE = YES_ERROR;
				GCC_WARN_UNDECLARED_SELECTOR = YES;
				GCC_WARN_UNINITIALIZED_AUTOS = YES_AGGRESSIVE;
				GCC_WARN_UNUSED_FUNCTION = YES;
				GCC_WARN_UNUSED_VARIABLE = YES;
				IPHONEOS_DEPLOYMENT_TARGET = 9.3;
				MTL_ENABLE_DEBUG_INFO = YES;
				ONLY_ACTIVE_ARCH = YES;
				SDKROOT = iphoneos;
				SWIFT_OPTIMIZATION_LEVEL = "-Onone";
			};
			name = Debug;
		};
		AD053A071CF46ACF00528EFB /* Release */ = {
			isa = XCBuildConfiguration;
			buildSettings = {
				ALWAYS_SEARCH_USER_PATHS = NO;
				CLANG_ANALYZER_NONNULL = YES;
				CLANG_CXX_LANGUAGE_STANDARD = "gnu++0x";
				CLANG_CXX_LIBRARY = "libc++";
				CLANG_ENABLE_MODULES = YES;
				CLANG_ENABLE_OBJC_ARC = YES;
				CLANG_WARN_BOOL_CONVERSION = YES;
				CLANG_WARN_CONSTANT_CONVERSION = YES;
				CLANG_WARN_DIRECT_OBJC_ISA_USAGE = YES_ERROR;
				CLANG_WARN_EMPTY_BODY = YES;
				CLANG_WARN_ENUM_CONVERSION = YES;
				CLANG_WARN_INT_CONVERSION = YES;
				CLANG_WARN_OBJC_ROOT_CLASS = YES_ERROR;
				CLANG_WARN_UNREACHABLE_CODE = YES;
				CLANG_WARN__DUPLICATE_METHOD_MATCH = YES;
				"CODE_SIGN_IDENTITY[sdk=iphoneos*]" = "iPhone Developer";
				COPY_PHASE_STRIP = NO;
				DEBUG_INFORMATION_FORMAT = "dwarf-with-dsym";
				ENABLE_NS_ASSERTIONS = NO;
				ENABLE_STRICT_OBJC_MSGSEND = YES;
				GCC_C_LANGUAGE_STANDARD = gnu99;
				GCC_NO_COMMON_BLOCKS = YES;
				GCC_WARN_64_TO_32_BIT_CONVERSION = YES;
				GCC_WARN_ABOUT_RETURN_TYPE = YES_ERROR;
				GCC_WARN_UNDECLARED_SELECTOR = YES;
				GCC_WARN_UNINITIALIZED_AUTOS = YES_AGGRESSIVE;
				GCC_WARN_UNUSED_FUNCTION = YES;
				GCC_WARN_UNUSED_VARIABLE = YES;
				IPHONEOS_DEPLOYMENT_TARGET = 9.3;
				MTL_ENABLE_DEBUG_INFO = NO;
				SDKROOT = iphoneos;
				VALIDATE_PRODUCT = YES;
			};
			name = Release;
		};
		AD053A091CF46ACF00528EFB /* Debug */ = {
			isa = XCBuildConfiguration;
			buildSettings = {
				ASSETCATALOG_COMPILER_APPICON_NAME = AppIcon;
				INFOPLIST_FILE = Pokedex01/Info.plist;
				LD_RUNPATH_SEARCH_PATHS = "$(inherited) @executable_path/Frameworks";
				PRODUCT_BUNDLE_IDENTIFIER = project.Pokedex01;
				PRODUCT_NAME = "$(TARGET_NAME)";
			};
			name = Debug;
		};
		AD053A0A1CF46ACF00528EFB /* Release */ = {
			isa = XCBuildConfiguration;
			buildSettings = {
				ASSETCATALOG_COMPILER_APPICON_NAME = AppIcon;
				INFOPLIST_FILE = Pokedex01/Info.plist;
				LD_RUNPATH_SEARCH_PATHS = "$(inherited) @executable_path/Frameworks";
				PRODUCT_BUNDLE_IDENTIFIER = project.Pokedex01;
				PRODUCT_NAME = "$(TARGET_NAME)";
			};
			name = Release;
		};
/* End XCBuildConfiguration section */

/* Begin XCConfigurationList section */
		AD0539F11CF46ACF00528EFB /* Build configuration list for PBXProject "Pokedex01" */ = {
			isa = XCConfigurationList;
			buildConfigurations = (
				AD053A061CF46ACF00528EFB /* Debug */,
				AD053A071CF46ACF00528EFB /* Release */,
			);
			defaultConfigurationIsVisible = 0;
			defaultConfigurationName = Release;
		};
		AD053A081CF46ACF00528EFB /* Build configuration list for PBXNativeTarget "Pokedex01" */ = {
			isa = XCConfigurationList;
			buildConfigurations = (
				AD053A091CF46ACF00528EFB /* Debug */,
				AD053A0A1CF46ACF00528EFB /* Release */,
			);
			defaultConfigurationIsVisible = 0;
		};
/* End XCConfigurationList section */
	};
	rootObject = AD0539EE1CF46ACF00528EFB /* Project object */;
}
